
Microsoft Visual Studio Solution File, Format Version 12.00
# Visual Studio Version 16
VisualStudioVersion = 16.0.30503.244
MinimumVisualStudioVersion = 10.0.40219.1
Project("{9A19103F-16F7-4668-BE54-9A1E7A4F7556}") = "Business", "Business\Business.csproj", "{170CD925-9238-43CD-9B74-1BCB7EF91A58}"
EndProject
Project("{9A19103F-16F7-4668-BE54-9A1E7A4F7556}") = "DataAccess", "DataAccess\DataAccess.csproj", "{796B2DDC-F0BF-4C9C-8975-931D6B89304C}"
EndProject
Project("{9A19103F-16F7-4668-BE54-9A1E7A4F7556}") = "Entities", "Entities\Entities.csproj", "{4359F0F1-9752-4153-88F6-50BFF5D64CE3}"
EndProject
Project("{9A19103F-16F7-4668-BE54-9A1E7A4F7556}") = "ConsoleUI", "ConsoleUI\ConsoleUI.csproj", "{326FA777-54C3-4594-B17B-B6AAB91AA334}"
EndProject
Project("{9A19103F-16F7-4668-BE54-9A1E7A4F7556}") = "Core", "Core\Core.csproj", "{5DEA1B6C-317D-49B3-A6D0-A62129FD9E34}"
EndProject
Project("{FAE04EC0-301F-11D3-BF4B-00C04F79EFBC}") = "WebAPI", "WebAPI\WebAPI.csproj", "{00B1EF6D-E3EC-4863-A02F-3F7F70464A37}"
EndProject
Global
	GlobalSection(SolutionConfigurationPlatforms) = preSolution
		Debug|Any CPU = Debug|Any CPU
		Release|Any CPU = Release|Any CPU
	EndGlobalSection
	GlobalSection(ProjectConfigurationPlatforms) = postSolution
		{170CD925-9238-43CD-9B74-1BCB7EF91A58}.Debug|Any CPU.ActiveCfg = Debug|Any CPU
		{170CD925-9238-43CD-9B74-1BCB7EF91A58}.Debug|Any CPU.Build.0 = Debug|Any CPU
		{170CD925-9238-43CD-9B74-1BCB7EF91A58}.Release|Any CPU.ActiveCfg = Release|Any CPU
		{170CD925-9238-43CD-9B74-1BCB7EF91A58}.Release|Any CPU.Build.0 = Release|Any CPU
		{796B2DDC-F0BF-4C9C-8975-931D6B89304C}.Debug|Any CPU.ActiveCfg = Debug|Any CPU
		{796B2DDC-F0BF-4C9C-8975-931D6B89304C}.Debug|Any CPU.Build.0 = Debug|Any CPU
		{796B2DDC-F0BF-4C9C-8975-931D6B89304C}.Release|Any CPU.ActiveCfg = Release|Any CPU
		{796B2DDC-F0BF-4C9C-8975-931D6B89304C}.Release|Any CPU.Build.0 = Release|Any CPU
		{4359F0F1-9752-4153-88F6-50BFF5D64CE3}.Debug|Any CPU.ActiveCfg = Debug|Any CPU
		{4359F0F1-9752-4153-88F6-50BFF5D64CE3}.Debug|Any CPU.Build.0 = Debug|Any CPU
		{4359F0F1-9752-4153-88F6-50BFF5D64CE3}.Release|Any CPU.ActiveCfg = Release|Any CPU
		{4359F0F1-9752-4153-88F6-50BFF5D64CE3}.Release|Any CPU.Build.0 = Release|Any CPU
		{326FA777-54C3-4594-B17B-B6AAB91AA334}.Debug|Any CPU.ActiveCfg = Debug|Any CPU
		{326FA777-54C3-4594-B17B-B6AAB91AA334}.Debug|Any CPU.Build.0 = Debug|Any CPU
		{326FA777-54C3-4594-B17B-B6AAB91AA334}.Release|Any CPU.ActiveCfg = Release|Any CPU
		{326FA777-54C3-4594-B17B-B6AAB91AA334}.Release|Any CPU.Build.0 = Release|Any CPU
		{5DEA1B6C-317D-49B3-A6D0-A62129FD9E34}.Debug|Any CPU.ActiveCfg = Debug|Any CPU
		{5DEA1B6C-317D-49B3-A6D0-A62129FD9E34}.Debug|Any CPU.Build.0 = Debug|Any CPU
		{5DEA1B6C-317D-49B3-A6D0-A62129FD9E34}.Release|Any CPU.ActiveCfg = Release|Any CPU
		{5DEA1B6C-317D-49B3-A6D0-A62129FD9E34}.Release|Any CPU.Build.0 = Release|Any CPU
		{00B1EF6D-E3EC-4863-A02F-3F7F70464A37}.Debug|Any CPU.ActiveCfg = Debug|Any CPU
		{00B1EF6D-E3EC-4863-A02F-3F7F70464A37}.Debug|Any CPU.Build.0 = Debug|Any CPU
		{00B1EF6D-E3EC-4863-A02F-3F7F70464A37}.Release|Any CPU.ActiveCfg = Release|Any CPU
		{00B1EF6D-E3EC-4863-A02F-3F7F70464A37}.Release|Any CPU.Build.0 = Release|Any CPU
	EndGlobalSection
	GlobalSection(SolutionProperties) = preSolution
		HideSolutionNode = FALSE
	EndGlobalSection
	GlobalSection(ExtensibilityGlobals) = postSolution
		SolutionGuid = {DBD64011-E1E1-4980-B384-D5FE5AB82384}
	EndGlobalSection
EndGlobal
